
Microsoft Visual Studio Solution File, Format Version 12.00
# Visual Studio Version 17
VisualStudioVersion = 17.14.37710.0 d17.14
MinimumVisualStudioVersion = 10.0.40219.1
Project("{FAE04EC0-301F-11D3-BF4B-00C04F79EFBC}") = "ITM_To_GPX", "ITM_To_GPX\ITM_To_GPX.csproj", "{EDDF94D7-6401-48F2-B170-BCC986436783}"
EndProject
Global
	GlobalSection(SolutionConfigurationPlatforms) = preSolution
		Debug|Any CPU = Debug|Any CPU
		Release|Any CPU = Release|Any CPU
	EndGlobalSection
	GlobalSection(ProjectConfigurationPlatforms) = postSolution
		{EDDF94D7-6401-48F2-B170-BCC986436783}.Debug|Any CPU.ActiveCfg = Debug|Any CPU
		{EDDF94D7-6401-48F2-B170-BCC986436783}.Debug|Any CPU.Build.0 = Debug|Any CPU
		{EDDF94D7-6401-48F2-B170-BCC986436783}.Release|Any CPU.ActiveCfg = Release|Any CPU
		{EDDF94D7-6401-48F2-B170-BCC986436783}.Release|Any CPU.Build.0 = Release|Any CPU
	EndGlobalSection
	GlobalSection(SolutionProperties) = preSolution
		HideSolutionNode = FALSE
	EndGlobalSection
	GlobalSection(ExtensibilityGlobals) = postSolution
		SolutionGuid = {99F57F6A-F779-4AF7-A045-FA883C9CC53A}
	EndGlobalSection
	GlobalSection(SubversionScc) = preSolution
		Svn-Managed = True
		Manager = AnkhSVN - Subversion Support for Visual Studio
	EndGlobalSection
EndGlobal
